
Microsoft Visual Studio Solution File, Format Version 12.00
# Visual Studio Version 17
VisualStudioVersion = 17.9.34616.47
MinimumVisualStudioVersion = 10.0.40219.1
Project("{8BC9CEB8-8B4A-11D0-8D11-00A0C91BC942}") = "DeltaTime", "DeltaTime\DeltaTime.vcxproj", "{D8827788-B320-40D3-A8E0-9C343E62F307}"
EndProject
Global
	GlobalSection(SolutionConfigurationPlatforms) = preSolution
		Debug|x64 = Debug|x64
		Debug|x86 = Debug|x86
		Release|x64 = Release|x64
		Release|x86 = Release|x86
	EndGlobalSection
	GlobalSection(ProjectConfigurationPlatforms) = postSolution
		{D8827788-B320-40D3-A8E0-9C343E62F307}.Debug|x64.ActiveCfg = Debug|x64
		{D8827788-B320-40D3-A8E0-9C343E62F307}.Debug|x64.Build.0 = Debug|x64
		{D8827788-B320-40D3-A8E0-9C343E62F307}.Debug|x86.ActiveCfg = Debug|Win32
		{D8827788-B320-40D3-A8E0-9C343E62F307}.Debug|x86.Build.0 = Debug|Win32
		{D8827788-B320-40D3-A8E0-9C343E62F307}.Release|x64.ActiveCfg = Release|x64
		{D8827788-B320-40D3-A8E0-9C343E62F307}.Release|x64.Build.0 = Release|x64
		{D8827788-B320-40D3-A8E0-9C343E62F307}.Release|x86.ActiveCfg = Release|Win32
		{D8827788-B320-40D3-A8E0-9C343E62F307}.Release|x86.Build.0 = Release|Win32
	EndGlobalSection
	GlobalSection(SolutionProperties) = preSolution
		HideSolutionNode = FALSE
	EndGlobalSection
	GlobalSection(ExtensibilityGlobals) = postSolution
		SolutionGuid = {4BC1B7CB-32A1-4618-9CF0-3062783D8C49}
	EndGlobalSection
EndGlobal
